dependencies:
  serialize-error: 3.0.0
  simple-ee: 2.0.8
  stream-nagle: 1.0.0
  stream-packetize: 1.0.3
devDependencies:
  tape: 5.1.1
lockfileVersion: 5.2
packages:
  /array-filter/1.0.0:
    dev: true
    resolution:
      integrity: sha1-uveeYubvTCpMC4MSMtr/7CUfnYM=
  /available-typed-arrays/1.0.2:
    dependencies:
      array-filter: 1.0.0
    dev: true
    engines:
      node: '>= 0.4'
    resolution:
      integrity: sha512-XWX3OX8Onv97LMk/ftVyBibpGwY5a8SmuxZPzeOxqmuEqUCOM9ZE+uIaD1VNJ5QnvU2UQusvmKbuM1FR8QWGfQ==
  /balanced-match/1.0.0:
    dev: true
    resolution:
      integrity: sha1-ibTRmasr7kneFk6gK4nORi1xt2c=
  /brace-expansion/1.1.11:
    dependencies:
      balanced-match: 1.0.0
      concat-map: 0.0.1
    dev: true
    resolution:
      integrity: sha512-iCuPHDFgrHX7H2vEI/5xpz07zSHB00TpugqhmYtVmMO6518mCuRMoOYFldEBl0g187ufozdaHgWKcYFb61qGiA==
  /call-bind/1.0.2:
    dependencies:
      function-bind: 1.1.1
      get-intrinsic: 1.0.2
    dev: true
    resolution:
      integrity: sha512-7O+FbCihrB5WGbFYesctwmTKae6rOiIzmz1icreWJ+0aA7LJfuqhEso2T9ncpcFtzMQtzXf2QGGueWJGTYsqrA==
  /concat-map/0.0.1:
    dev: true
    resolution:
      integrity: sha1-2Klr13/Wjfd5OnMDajug1UBdR3s=
  /deep-equal/2.0.5:
    dependencies:
      call-bind: 1.0.2
      es-get-iterator: 1.1.1
      get-intrinsic: 1.0.2
      is-arguments: 1.1.0
      is-date-object: 1.0.2
      is-regex: 1.1.1
      isarray: 2.0.5
      object-is: 1.1.4
      object-keys: 1.1.1
      object.assign: 4.1.2
      regexp.prototype.flags: 1.3.1
      side-channel: 1.0.4
      which-boxed-primitive: 1.0.2
      which-collection: 1.0.1
      which-typed-array: 1.1.4
    dev: true
    resolution:
      integrity: sha512-nPiRgmbAtm1a3JsnLCf6/SLfXcjyN5v8L1TXzdCmHrXJ4hx+gW/w1YCcn7z8gJtSiDArZCgYtbao3QqLm/N1Sw==
  /define-properties/1.1.3:
    dependencies:
      object-keys: 1.1.1
    dev: true
    engines:
      node: '>= 0.4'
    resolution:
      integrity: sha512-3MqfYKj2lLzdMSf8ZIZE/V+Zuy+BgD6f164e8K2w7dgnpKArBDerGYpM46IYYcjnkdPNMjPk9A6VFB8+3SKlXQ==
  /defined/1.0.0:
    dev: true
    resolution:
      integrity: sha1-yY2bzvdWdBiOEQlpFRGZ45sfppM=
  /dotignore/0.1.2:
    dependencies:
      minimatch: 3.0.4
    dev: true
    hasBin: true
    resolution:
      integrity: sha512-UGGGWfSauusaVJC+8fgV+NVvBXkCTmVv7sk6nojDZZvuOUNGUy0Zk4UpHQD6EDjS0jpBwcACvH4eofvyzBcRDw==
  /es-abstract/1.18.0-next.2:
    dependencies:
      call-bind: 1.0.2
      es-to-primitive: 1.2.1
      function-bind: 1.1.1
      get-intrinsic: 1.0.2
      has: 1.0.3
      has-symbols: 1.0.1
      is-callable: 1.2.2
      is-negative-zero: 2.0.1
      is-regex: 1.1.1
      object-inspect: 1.9.0
      object-keys: 1.1.1
      object.assign: 4.1.2
      string.prototype.trimend: 1.0.3
      string.prototype.trimstart: 1.0.3
    dev: true
    engines:
      node: '>= 0.4'
    resolution:
      integrity: sha512-Ih4ZMFHEtZupnUh6497zEL4y2+w8+1ljnCyaTa+adcoafI1GOvMwFlDjBLfWR7y9VLfrjRJe9ocuHY1PSR9jjw==
  /es-get-iterator/1.1.1:
    dependencies:
      call-bind: 1.0.2
      get-intrinsic: 1.0.2
      has-symbols: 1.0.1
      is-arguments: 1.1.0
      is-map: 2.0.2
      is-set: 2.0.2
      is-string: 1.0.5
      isarray: 2.0.5
    dev: true
    resolution:
      integrity: sha512-qorBw8Y7B15DVLaJWy6WdEV/ZkieBcu6QCq/xzWzGOKJqgG1j754vXRfZ3NY7HSShneqU43mPB4OkQBTkvHhFw==
  /es-to-primitive/1.2.1:
    dependencies:
      is-callable: 1.2.2
      is-date-object: 1.0.2
      is-symbol: 1.0.3
    dev: true
    engines:
      node: '>= 0.4'
    resolution:
      integrity: sha512-QCOllgZJtaUo9miYBcLChTUaHNjJF3PYs1VidD7AwiEj1kYxKeQTctLAezAOH5ZKRH0g2IgPn6KwB4IT8iRpvA==
  /for-each/0.3.3:
    dependencies:
      is-callable: 1.2.2
    dev: true
    resolution:
      integrity: sha512-jqYfLp7mo9vIyQf8ykW2v7A+2N4QjeCeI5+Dz9XraiO1ign81wjiH7Fb9vSOWvQfNtmSa4H2RoQTrrXivdUZmw==
  /foreach/2.0.5:
    dev: true
    resolution:
      integrity: sha1-C+4AUBiusmDQo6865ljdATbsG5k=
  /fs.realpath/1.0.0:
    dev: true
    resolution:
      integrity: sha1-FQStJSMVjKpA20onh8sBQRmU6k8=
  /function-bind/1.1.1:
    dev: true
    resolution:
      integrity: sha512-yIovAzMX49sF8Yl58fSCWJ5svSLuaibPxXQJFLmBObTuCr0Mf1KiPopGM9NiFjiYBCbfaa2Fh6breQ6ANVTI0A==
  /get-intrinsic/1.0.2:
    dependencies:
      function-bind: 1.1.1
      has: 1.0.3
      has-symbols: 1.0.1
    dev: true
    resolution:
      integrity: sha512-aeX0vrFm21ILl3+JpFFRNe9aUvp6VFZb2/CTbgLb8j75kOhvoNYjt9d8KA/tJG4gSo8nzEDedRl0h7vDmBYRVg==
  /glob/7.1.6:
    dependencies:
      fs.realpath: 1.0.0
      inflight: 1.0.6
      inherits: 2.0.4
      minimatch: 3.0.4
      once: 1.4.0
      path-is-absolute: 1.0.1
    dev: true
    resolution:
      integrity: sha512-LwaxwyZ72Lk7vZINtNNrywX0ZuLyStrdDtabefZKAY5ZGJhVtgdznluResxNmPitE0SAO+O26sWTHeKSI2wMBA==
  /has-symbols/1.0.1:
    dev: true
    engines:
      node: '>= 0.4'
    resolution:
      integrity: sha512-PLcsoqu++dmEIZB+6totNFKq/7Do+Z0u4oT0zKOJNl3lYK6vGwwu2hjHs+68OEZbTjiUE9bgOABXbP/GvrS0Kg==
  /has/1.0.3:
    dependencies:
      function-bind: 1.1.1
    dev: true
    engines:
      node: '>= 0.4.0'
    resolution:
      integrity: sha512-f2dvO0VU6Oej7RkWJGrehjbzMAjFp5/VKPp5tTpWIV4JHHZK1/BxbFRtf/siA2SWTe09caDmVtYYzWEIbBS4zw==
  /inflight/1.0.6:
    dependencies:
      once: 1.4.0
      wrappy: 1.0.2
    dev: true
    resolution:
      integrity: sha1-Sb1jMdfQLQwJvJEKEHW6gWW1bfk=
  /inherits/2.0.4:
    dev: true
    resolution:
      integrity: sha512-k/vGaX4/Yla3WzyMCvTQOXYeIHvqOKtnqBduzTHpzpQZzAskKMhZ2K+EnBiSM9zGSoIFeMpXKxa4dYeZIQqewQ==
  /is-arguments/1.1.0:
    dependencies:
      call-bind: 1.0.2
    dev: true
    engines:
      node: '>= 0.4'
    resolution:
      integrity: sha512-1Ij4lOMPl/xB5kBDn7I+b2ttPMKa8szhEIrXDuXQD/oe3HJLTLhqhgGspwgyGd6MOywBUqVvYicF72lkgDnIHg==
  /is-bigint/1.0.1:
    dev: true
    resolution:
      integrity: sha512-J0ELF4yHFxHy0cmSxZuheDOz2luOdVvqjwmEcj8H/L1JHeuEDSDbeRP+Dk9kFVk5RTFzbucJ2Kb9F7ixY2QaCg==
  /is-boolean-object/1.1.0:
    dependencies:
      call-bind: 1.0.2
    dev: true
    engines:
      node: '>= 0.4'
    resolution:
      integrity: sha512-a7Uprx8UtD+HWdyYwnD1+ExtTgqQtD2k/1yJgtXP6wnMm8byhkoTZRl+95LLThpzNZJ5aEvi46cdH+ayMFRwmA==
  /is-callable/1.2.2:
    dev: true
    engines:
      node: '>= 0.4'
    resolution:
      integrity: sha512-dnMqspv5nU3LoewK2N/y7KLtxtakvTuaCsU9FU50/QDmdbHNy/4/JuRtMHqRU22o3q+W89YQndQEeCVwK+3qrA==
  /is-core-module/2.2.0:
    dependencies:
      has: 1.0.3
    dev: true
    resolution:
      integrity: sha512-XRAfAdyyY5F5cOXn7hYQDqh2Xmii+DEfIcQGxK/uNwMHhIkPWO0g8msXcbzLe+MpGoR951MlqM/2iIlU4vKDdQ==
  /is-date-object/1.0.2:
    dev: true
    engines:
      node: '>= 0.4'
    resolution:
      integrity: sha512-USlDT524woQ08aoZFzh3/Z6ch9Y/EWXEHQ/AaRN0SkKq4t2Jw2R2339tSXmwuVoY7LLlBCbOIlx2myP/L5zk0g==
  /is-map/2.0.2:
    dev: true
    resolution:
      integrity: sha512-cOZFQQozTha1f4MxLFzlgKYPTyj26picdZTx82hbc/Xf4K/tZOOXSCkMvU4pKioRXGDLJRn0GM7Upe7kR721yg==
  /is-negative-zero/2.0.1:
    dev: true
    engines:
      node: '>= 0.4'
    resolution:
      integrity: sha512-2z6JzQvZRa9A2Y7xC6dQQm4FSTSTNWjKIYYTt4246eMTJmIo0Q+ZyOsU66X8lxK1AbB92dFeglPLrhwpeRKO6w==
  /is-number-object/1.0.4:
    dev: true
    engines:
      node: '>= 0.4'
    resolution:
      integrity: sha512-zohwelOAur+5uXtk8O3GPQ1eAcu4ZX3UwxQhUlfFFMNpUd83gXgjbhJh6HmB6LUNV/ieOLQuDwJO3dWJosUeMw==
  /is-regex/1.1.1:
    dependencies:
      has-symbols: 1.0.1
    dev: true
    engines:
      node: '>= 0.4'
    resolution:
      integrity: sha512-1+QkEcxiLlB7VEyFtyBg94e08OAsvq7FUBgApTq/w2ymCLyKJgDPsybBENVtA7XCQEgEXxKPonG+mvYRxh/LIg==
  /is-set/2.0.2:
    dev: true
    resolution:
      integrity: sha512-+2cnTEZeY5z/iXGbLhPrOAaK/Mau5k5eXq9j14CpRTftq0pAJu2MwVRSZhyZWBzx3o6X795Lz6Bpb6R0GKf37g==
  /is-string/1.0.5:
    dev: true
    engines:
      node: '>= 0.4'
    resolution:
      integrity: sha512-buY6VNRjhQMiF1qWDouloZlQbRhDPCebwxSjxMjxgemYT46YMd2NR0/H+fBhEfWX4A/w9TBJ+ol+okqJKFE6vQ==
  /is-symbol/1.0.3:
    dependencies:
      has-symbols: 1.0.1
    dev: true
    engines:
      node: '>= 0.4'
    resolution:
      integrity: sha512-OwijhaRSgqvhm/0ZdAcXNZt9lYdKFpcRDT5ULUuYXPoT794UNOdU+gpT6Rzo7b4V2HUl/op6GqY894AZwv9faQ==
  /is-typed-array/1.1.4:
    dependencies:
      available-typed-arrays: 1.0.2
      call-bind: 1.0.2
      es-abstract: 1.18.0-next.2
      foreach: 2.0.5
      has-symbols: 1.0.1
    dev: true
    engines:
      node: '>= 0.4'
    resolution:
      integrity: sha512-ILaRgn4zaSrVNXNGtON6iFNotXW3hAPF3+0fB1usg2jFlWqo5fEDdmJkz0zBfoi7Dgskr8Khi2xZ8cXqZEfXNA==
  /is-weakmap/2.0.1:
    dev: true
    resolution:
      integrity: sha512-NSBR4kH5oVj1Uwvv970ruUkCV7O1mzgVFO4/rev2cLRda9Tm9HrL70ZPut4rOHgY0FNrUu9BCbXA2sdQ+x0chA==
  /is-weakset/2.0.1:
    dev: true
    resolution:
      integrity: sha512-pi4vhbhVHGLxohUw7PhGsueT4vRGFoXhP7+RGN0jKIv9+8PWYCQTqtADngrxOm2g46hoH0+g8uZZBzMrvVGDmw==
  /isarray/2.0.5:
    dev: true
    resolution:
      integrity: sha512-xHjhDr3cNBK0BzdUJSPXZntQUx/mwMS5Rw4A7lPJ90XGAO6ISP/ePDNuo0vhqOZU+UD5JoodwCAAoZQd3FeAKw==
  /minimatch/3.0.4:
    dependencies:
      brace-expansion: 1.1.11
    dev: true
    resolution:
      integrity: sha512-yJHVQEhyqPLUTgt9B83PXu6W3rx4MvvHvSUvToogpwoGDOUQ+yDrR0HRot+yOCdCO7u4hX3pWft6kWBBcqh0UA==
  /minimist/1.2.5:
    dev: true
    resolution:
      integrity: sha512-FM9nNUYrRBAELZQT3xeZQ7fmMOBg6nWNmJKTcgsJeaLstP/UODVpGsr5OhXhhXg6f+qtJ8uiZ+PUxkDWcgIXLw==
  /object-inspect/1.9.0:
    dev: true
    resolution:
      integrity: sha512-i3Bp9iTqwhaLZBxGkRfo5ZbE07BQRT7MGu8+nNgwW9ItGp1TzCTw2DLEoWwjClxBjOFI/hWljTAmYGCEwmtnOw==
  /object-is/1.1.4:
    dependencies:
      call-bind: 1.0.2
      define-properties: 1.1.3
    dev: true
    engines:
      node: '>= 0.4'
    resolution:
      integrity: sha512-1ZvAZ4wlF7IyPVOcE1Omikt7UpaFlOQq0HlSti+ZvDH3UiD2brwGMwDbyV43jao2bKJ+4+WdPJHSd7kgzKYVqg==
  /object-keys/1.1.1:
    dev: true
    engines:
      node: '>= 0.4'
    resolution:
      integrity: sha512-NuAESUOUMrlIXOfHKzD6bpPu3tYt3xvjNdRIQ+FeT0lNb4K8WR70CaDxhuNguS2XG+GjkyMwOzsN5ZktImfhLA==
  /object.assign/4.1.2:
    dependencies:
      call-bind: 1.0.2
      define-properties: 1.1.3
      has-symbols: 1.0.1
      object-keys: 1.1.1
    dev: true
    engines:
      node: '>= 0.4'
    resolution:
      integrity: sha512-ixT2L5THXsApyiUPYKmW+2EHpXXe5Ii3M+f4e+aJFAHao5amFRW6J0OO6c/LU8Be47utCx2GL89hxGB6XSmKuQ==
  /once/1.4.0:
    dependencies:
      wrappy: 1.0.2
    dev: true
    resolution:
      integrity: sha1-WDsap3WWHUsROsF9nFC6753Xa9E=
  /path-is-absolute/1.0.1:
    dev: true
    engines:
      node: '>=0.10.0'
    resolution:
      integrity: sha1-F0uSaHNVNP+8es5r9TpanhtcX18=
  /path-parse/1.0.6:
    dev: true
    resolution:
      integrity: sha512-GSmOT2EbHrINBf9SR7CDELwlJ8AENk3Qn7OikK4nFYAu3Ote2+JYNVvkpAEQm3/TLNEJFD/xZJjzyxg3KBWOzw==
  /regexp.prototype.flags/1.3.1:
    dependencies:
      call-bind: 1.0.2
      define-properties: 1.1.3
    dev: true
    engines:
      node: '>= 0.4'
    resolution:
      integrity: sha512-JiBdRBq91WlY7uRJ0ds7R+dU02i6LKi8r3BuQhNXn+kmeLN+EfHhfjqMRis1zJxnlu88hq/4dx0P2OP3APRTOA==
  /resolve/1.19.0:
    dependencies:
      is-core-module: 2.2.0
      path-parse: 1.0.6
    dev: true
    resolution:
      integrity: sha512-rArEXAgsBG4UgRGcynxWIWKFvh/XZCcS8UJdHhwy91zwAvCZIbcs+vAbflgBnNjYMs/i/i+/Ux6IZhML1yPvxg==
  /resumer/0.0.0:
    dependencies:
      through: 2.3.8
    dev: true
    resolution:
      integrity: sha1-8ej0YeQGS6Oegq883CqMiT0HZ1k=
  /serialize-error/3.0.0:
    dev: false
    engines:
      node: '>=6'
    resolution:
      integrity: sha512-+y3nkkG/go1Vdw+2f/+XUXM1DXX1XcxTl99FfiD/OEPUNw4uo0i6FKABfTAN5ZcgGtjTRZcEbxcE/jtXbEY19A==
  /side-channel/1.0.4:
    dependencies:
      call-bind: 1.0.2
      get-intrinsic: 1.0.2
      object-inspect: 1.9.0
    dev: true
    resolution:
      integrity: sha512-q5XPytqFEIKHkGdiMIrY10mvLRvnQh42/+GoBlFW3b2LXLE2xxJpZFdm94we0BaoV3RwJyGqg5wS7epxTv0Zvw==
  /simple-ee/2.0.8:
    dev: false
    resolution:
      integrity: sha512-pJADIjEonJzHQqqBu4vRUrTRacFo6JjnLvwtG5WwMp0hUiB/UJhmh3iNpAQl1DS/hp3ihmoE2ubY2vZuvGPRzQ==
  /stream-nagle/1.0.0:
    dependencies:
      through: 2.3.8
    dev: false
    resolution:
      integrity: sha512-D3c4PZVuBzuCKDt2IRT/SG4XnQvAYbTi98trRUS71Usy4qHwvYBfYy7104CSqp9GEHK/dfjzjsSp6WP2oTppCA==
  /stream-packetize/1.0.3:
    dependencies:
      simple-ee: 2.0.8
    dev: false
    resolution:
      integrity: sha512-7/xKzo93xbomerlAlNNmYuSkZRBVsJMehiCmDagm7irNxREKDHrvNFn/kW/EhF9LDZ8enKL8PDSfEZXXJQTqMQ==
  /string.prototype.trim/1.2.3:
    dependencies:
      call-bind: 1.0.2
      define-properties: 1.1.3
      es-abstract: 1.18.0-next.2
    dev: true
    engines:
      node: '>= 0.4'
    resolution:
      integrity: sha512-16IL9pIBA5asNOSukPfxX2W68BaBvxyiRK16H3RA/lWW9BDosh+w7f+LhomPHpXJ82QEe7w7/rY/S1CV97raLg==
  /string.prototype.trimend/1.0.3:
    dependencies:
      call-bind: 1.0.2
      define-properties: 1.1.3
    dev: true
    resolution:
      integrity: sha512-ayH0pB+uf0U28CtjlLvL7NaohvR1amUvVZk+y3DYb0Ey2PUV5zPkkKy9+U1ndVEIXO8hNg18eIv9Jntbii+dKw==
  /string.prototype.trimstart/1.0.3:
    dependencies:
      call-bind: 1.0.2
      define-properties: 1.1.3
    dev: true
    resolution:
      integrity: sha512-oBIBUy5lea5tt0ovtOFiEQaBkoBBkyJhZXzJYrSmDo5IUUqbOPvVezuRs/agBIdZ2p2Eo1FD6bD9USyBLfl3xg==
  /tape/5.1.1:
    dependencies:
      call-bind: 1.0.2
      deep-equal: 2.0.5
      defined: 1.0.0
      dotignore: 0.1.2
      for-each: 0.3.3
      glob: 7.1.6
      has: 1.0.3
      inherits: 2.0.4
      is-regex: 1.1.1
      minimist: 1.2.5
      object-inspect: 1.9.0
      object-is: 1.1.4
      object.assign: 4.1.2
      resolve: 1.19.0
      resumer: 0.0.0
      string.prototype.trim: 1.2.3
      through: 2.3.8
    dev: true
    hasBin: true
    resolution:
      integrity: sha512-ujhT+ZJPqSGY9Le02mIGBnyWo7Ks05FEGS9PnlqECr3sM3KyV4CSCXAvSBJKMN+t+aZYLKEFUEo0l4wFJMhppQ==
  /through/2.3.8:
    resolution:
      integrity: sha1-DdTJ/6q8NXlgsbckEV1+Doai4fU=
  /which-boxed-primitive/1.0.2:
    dependencies:
      is-bigint: 1.0.1
      is-boolean-object: 1.1.0
      is-number-object: 1.0.4
      is-string: 1.0.5
      is-symbol: 1.0.3
    dev: true
    resolution:
      integrity: sha512-bwZdv0AKLpplFY2KZRX6TvyuN7ojjr7lwkg6ml0roIy9YeuSr7JS372qlNW18UQYzgYK9ziGcerWqZOmEn9VNg==
  /which-collection/1.0.1:
    dependencies:
      is-map: 2.0.2
      is-set: 2.0.2
      is-weakmap: 2.0.1
      is-weakset: 2.0.1
    dev: true
    resolution:
      integrity: sha512-W8xeTUwaln8i3K/cY1nGXzdnVZlidBcagyNFtBdD5kxnb4TvGKR7FfSIS3mYpwWS1QUCutfKz8IY8RjftB0+1A==
  /which-typed-array/1.1.4:
    dependencies:
      available-typed-arrays: 1.0.2
      call-bind: 1.0.2
      es-abstract: 1.18.0-next.2
      foreach: 2.0.5
      function-bind: 1.1.1
      has-symbols: 1.0.1
      is-typed-array: 1.1.4
    dev: true
    engines:
      node: '>= 0.4'
    resolution:
      integrity: sha512-49E0SpUe90cjpoc7BOJwyPHRqSAd12c10Qm2amdEZrJPCY2NDxaW01zHITrem+rnETY3dwrbH3UUrUwagfCYDA==
  /wrappy/1.0.2:
    dev: true
    resolution:
      integrity: sha1-tSQ9jz7BqjXxNkYFvA0QNuMKtp8=
specifiers:
  serialize-error: ^3.0.0
  simple-ee: ^2.0.5
  stream-nagle: ^1.0.0
  stream-packetize: ^1.0.3
  tape: ^5.0.0
